
Microsoft Visual Studio Solution File, Format Version 12.00
# Visual Studio Version 17
VisualStudioVersion = 17.7.34202.233
MinimumVisualStudioVersion = 10.0.40219.1
Project("{FAE04EC0-301F-11D3-BF4B-00C04F79EFBC}") = "CM Practical Task 3", "CM Practical Task 3.csproj", "{37216F91-2750-4CDE-AB8B-7AEA6D3979F3}"
EndProject
Global
	GlobalSection(SolutionConfigurationPlatforms) = preSolution
		Debug|Any CPU = Debug|Any CPU
		Release|Any CPU = Release|Any CPU
	EndGlobalSection
	GlobalSection(ProjectConfigurationPlatforms) = postSolution
		{37216F91-2750-4CDE-AB8B-7AEA6D3979F3}.Debug|Any CPU.ActiveCfg = Debug|Any CPU
		{37216F91-2750-4CDE-AB8B-7AEA6D3979F3}.Debug|Any CPU.Build.0 = Debug|Any CPU
		{37216F91-2750-4CDE-AB8B-7AEA6D3979F3}.Release|Any CPU.ActiveCfg = Release|Any CPU
		{37216F91-2750-4CDE-AB8B-7AEA6D3979F3}.Release|Any CPU.Build.0 = Release|Any CPU
	EndGlobalSection
	GlobalSection(SolutionProperties) = preSolution
		HideSolutionNode = FALSE
	EndGlobalSection
	GlobalSection(ExtensibilityGlobals) = postSolution
		SolutionGuid = {7FD20DC6-D964-4C5A-8573-DA7A32C4E517}
	EndGlobalSection
EndGlobal
