
Microsoft Visual Studio Solution File, Format Version 12.00
# Visual Studio Version 17
VisualStudioVersion = 17.7.34031.279
MinimumVisualStudioVersion = 10.0.40219.1
Project("{FAE04EC0-301F-11D3-BF4B-00C04F79EFBC}") = "CM Practical Task 1", "CM Practical Task 1.csproj", "{2AD074B9-A6DE-4A61-8DF8-77118FDE8210}"
EndProject
Global
	GlobalSection(SolutionConfigurationPlatforms) = preSolution
		Debug|Any CPU = Debug|Any CPU
		Release|Any CPU = Release|Any CPU
	EndGlobalSection
	GlobalSection(ProjectConfigurationPlatforms) = postSolution
		{2AD074B9-A6DE-4A61-8DF8-77118FDE8210}.Debug|Any CPU.ActiveCfg = Debug|Any CPU
		{2AD074B9-A6DE-4A61-8DF8-77118FDE8210}.Debug|Any CPU.Build.0 = Debug|Any CPU
		{2AD074B9-A6DE-4A61-8DF8-77118FDE8210}.Release|Any CPU.ActiveCfg = Release|Any CPU
		{2AD074B9-A6DE-4A61-8DF8-77118FDE8210}.Release|Any CPU.Build.0 = Release|Any CPU
	EndGlobalSection
	GlobalSection(SolutionProperties) = preSolution
		HideSolutionNode = FALSE
	EndGlobalSection
	GlobalSection(ExtensibilityGlobals) = postSolution
		SolutionGuid = {FCF45FD5-36E6-4496-9A75-6AB6F78EB060}
	EndGlobalSection
EndGlobal
