
Microsoft Visual Studio Solution File, Format Version 12.00
# Visual Studio Version 17
VisualStudioVersion = 17.7.34202.233
MinimumVisualStudioVersion = 10.0.40219.1
Project("{9A19103F-16F7-4668-BE54-9A1E7A4F7556}") = "CM Practical Task 7", "CM Practical Task 7.csproj", "{37379B5C-0779-4581-8333-93BC193470E3}"
EndProject
Global
	GlobalSection(SolutionConfigurationPlatforms) = preSolution
		Debug|Any CPU = Debug|Any CPU
		Release|Any CPU = Release|Any CPU
	EndGlobalSection
	GlobalSection(ProjectConfigurationPlatforms) = postSolution
		{37379B5C-0779-4581-8333-93BC193470E3}.Debug|Any CPU.ActiveCfg = Debug|Any CPU
		{37379B5C-0779-4581-8333-93BC193470E3}.Debug|Any CPU.Build.0 = Debug|Any CPU
		{37379B5C-0779-4581-8333-93BC193470E3}.Release|Any CPU.ActiveCfg = Release|Any CPU
		{37379B5C-0779-4581-8333-93BC193470E3}.Release|Any CPU.Build.0 = Release|Any CPU
	EndGlobalSection
	GlobalSection(SolutionProperties) = preSolution
		HideSolutionNode = FALSE
	EndGlobalSection
	GlobalSection(ExtensibilityGlobals) = postSolution
		SolutionGuid = {E18FA172-B8B4-4712-850C-BA8412BC4850}
	EndGlobalSection
EndGlobal
