
Microsoft Visual Studio Solution File, Format Version 12.00
# Visual Studio Version 17
VisualStudioVersion = 17.3.32929.385
MinimumVisualStudioVersion = 10.0.40219.1
Project("{FAE04EC0-301F-11D3-BF4B-00C04F79EFBC}") = "ConsoleApp1", "ConsoleApp1\ConsoleApp1.csproj", "{3539B9ED-4B78-44F1-8F3F-3B9D7A139097}"
EndProject
Global
	GlobalSection(SolutionConfigurationPlatforms) = preSolution
		Debug|Any CPU = Debug|Any CPU
		Release|Any CPU = Release|Any CPU
	EndGlobalSection
	GlobalSection(ProjectConfigurationPlatforms) = postSolution
		{3539B9ED-4B78-44F1-8F3F-3B9D7A139097}.Debug|Any CPU.ActiveCfg = Debug|Any CPU
		{3539B9ED-4B78-44F1-8F3F-3B9D7A139097}.Debug|Any CPU.Build.0 = Debug|Any CPU
		{3539B9ED-4B78-44F1-8F3F-3B9D7A139097}.Release|Any CPU.ActiveCfg = Release|Any CPU
		{3539B9ED-4B78-44F1-8F3F-3B9D7A139097}.Release|Any CPU.Build.0 = Release|Any CPU
	EndGlobalSection
	GlobalSection(SolutionProperties) = preSolution
		HideSolutionNode = FALSE
	EndGlobalSection
	GlobalSection(ExtensibilityGlobals) = postSolution
		SolutionGuid = {245E5AC7-35C2-4037-907F-9455432069B5}
	EndGlobalSection
EndGlobal
