
Microsoft Visual Studio Solution File, Format Version 12.00
# Visual Studio Version 17
VisualStudioVersion = 17.5.33627.172
MinimumVisualStudioVersion = 10.0.40219.1
Project("{FAE04EC0-301F-11D3-BF4B-00C04F79EFBC}") = "LabDataStructures", "LabDataStructures.csproj", "{631D8235-31F4-4782-B1B1-75E57802FA37}"
EndProject
Global
	GlobalSection(SolutionConfigurationPlatforms) = preSolution
		Debug|Any CPU = Debug|Any CPU
		Release|Any CPU = Release|Any CPU
	EndGlobalSection
	GlobalSection(ProjectConfigurationPlatforms) = postSolution
		{631D8235-31F4-4782-B1B1-75E57802FA37}.Debug|Any CPU.ActiveCfg = Debug|Any CPU
		{631D8235-31F4-4782-B1B1-75E57802FA37}.Debug|Any CPU.Build.0 = Debug|Any CPU
		{631D8235-31F4-4782-B1B1-75E57802FA37}.Release|Any CPU.ActiveCfg = Release|Any CPU
		{631D8235-31F4-4782-B1B1-75E57802FA37}.Release|Any CPU.Build.0 = Release|Any CPU
	EndGlobalSection
	GlobalSection(SolutionProperties) = preSolution
		HideSolutionNode = FALSE
	EndGlobalSection
	GlobalSection(ExtensibilityGlobals) = postSolution
		SolutionGuid = {3A69B7C7-CEF5-4AA4-B162-9CB59D35C7CA}
	EndGlobalSection
EndGlobal
