
Microsoft Visual Studio Solution File, Format Version 12.00
# Visual Studio Version 17
VisualStudioVersion = 17.8.34322.80
MinimumVisualStudioVersion = 10.0.40219.1
Project("{FAE04EC0-301F-11D3-BF4B-00C04F79EFBC}") = "CM Practical Task 4", "CM Practical Task 4.csproj", "{DF57CA64-5A4A-4F1C-8490-1F13F396D18C}"
EndProject
Global
	GlobalSection(SolutionConfigurationPlatforms) = preSolution
		Debug|Any CPU = Debug|Any CPU
		Release|Any CPU = Release|Any CPU
	EndGlobalSection
	GlobalSection(ProjectConfigurationPlatforms) = postSolution
		{DF57CA64-5A4A-4F1C-8490-1F13F396D18C}.Debug|Any CPU.ActiveCfg = Debug|Any CPU
		{DF57CA64-5A4A-4F1C-8490-1F13F396D18C}.Debug|Any CPU.Build.0 = Debug|Any CPU
		{DF57CA64-5A4A-4F1C-8490-1F13F396D18C}.Release|Any CPU.ActiveCfg = Release|Any CPU
		{DF57CA64-5A4A-4F1C-8490-1F13F396D18C}.Release|Any CPU.Build.0 = Release|Any CPU
	EndGlobalSection
	GlobalSection(SolutionProperties) = preSolution
		HideSolutionNode = FALSE
	EndGlobalSection
	GlobalSection(ExtensibilityGlobals) = postSolution
		SolutionGuid = {461EE39D-CA73-45EA-A308-90C13F1CF403}
	EndGlobalSection
EndGlobal
