
Microsoft Visual Studio Solution File, Format Version 12.00
# Visual Studio Version 17
VisualStudioVersion = 17.4.33110.190
MinimumVisualStudioVersion = 10.0.40219.1
Project("{FAE04EC0-301F-11D3-BF4B-00C04F79EFBC}") = "Lab7", "Lab7\Lab7.csproj", "{02688ABE-1B11-4020-AC3D-E9FF9B45B55D}"
EndProject
Global
	GlobalSection(SolutionConfigurationPlatforms) = preSolution
		Debug|Any CPU = Debug|Any CPU
		Release|Any CPU = Release|Any CPU
	EndGlobalSection
	GlobalSection(ProjectConfigurationPlatforms) = postSolution
		{02688ABE-1B11-4020-AC3D-E9FF9B45B55D}.Debug|Any CPU.ActiveCfg = Debug|Any CPU
		{02688ABE-1B11-4020-AC3D-E9FF9B45B55D}.Debug|Any CPU.Build.0 = Debug|Any CPU
		{02688ABE-1B11-4020-AC3D-E9FF9B45B55D}.Release|Any CPU.ActiveCfg = Release|Any CPU
		{02688ABE-1B11-4020-AC3D-E9FF9B45B55D}.Release|Any CPU.Build.0 = Release|Any CPU
	EndGlobalSection
	GlobalSection(SolutionProperties) = preSolution
		HideSolutionNode = FALSE
	EndGlobalSection
	GlobalSection(ExtensibilityGlobals) = postSolution
		SolutionGuid = {FECED6B0-19E4-4C67-8830-F1A35EFD522E}
	EndGlobalSection
EndGlobal
